[[package]]
category = "main"
description = "Screen-scraping library"
name = "beautifulsoup4"
optional = false
python-versions = "*"
version = "4.7.1"

[package.dependencies]
soupsieve = ">=1.2"

[[package]]
category = "main"
description = "A modern CSS selector implementation for Beautiful Soup."
name = "soupsieve"
optional = false
python-versions = "*"
version = "1.9.1"

[metadata]
content-hash = "bb622cde3a8bf14d0da394361385da89e13bb60a1cd95bf02498dd558e1b7060"
python-versions = "^3.7"

[metadata.hashes]
beautifulsoup4 = ["034740f6cb549b4e932ae1ab975581e6103ac8f942200a0e9759065984391858", "945065979fb8529dd2f37dbb58f00b661bdbcbebf954f93b32fdf5263ef35348", "ba6d5c59906a85ac23dadfe5c88deaf3e179ef565f4898671253e50a78680718"]
soupsieve = ["6898e82ecb03772a0d82bd0d0a10c0d6dcc342f77e0701d0ec4a8271be465ece", "b20eff5e564529711544066d7dc0f7661df41232ae263619dede5059799cdfca"]
